
Microsoft Visual Studio Solution File, Format Version 12.00
# Visual Studio 15
VisualStudioVersion = 15.0.26730.16
MinimumVisualStudioVersion = 10.0.40219.1
Project("{FAE04EC0-301F-11D3-BF4B-00C04F79EFBC}") = "WebArenaClient", "WebArena\WebArenaClient.csproj", "{6F5439C0-5F16-4CFF-87C5-8B9FD20C3AB8}"
EndProject
Global
	GlobalSection(SolutionConfigurationPlatforms) = preSolution
		Debug|Any CPU = Debug|Any CPU
		Release|Any CPU = Release|Any CPU
	EndGlobalSection
	GlobalSection(ProjectConfigurationPlatforms) = postSolution
		{6F5439C0-5F16-4CFF-87C5-8B9FD20C3AB8}.Debug|Any CPU.ActiveCfg = Debug|Any CPU
		{6F5439C0-5F16-4CFF-87C5-8B9FD20C3AB8}.Debug|Any CPU.Build.0 = Debug|Any CPU
		{6F5439C0-5F16-4CFF-87C5-8B9FD20C3AB8}.Release|Any CPU.ActiveCfg = Release|Any CPU
		{6F5439C0-5F16-4CFF-87C5-8B9FD20C3AB8}.Release|Any CPU.Build.0 = Release|Any CPU
	EndGlobalSection
	GlobalSection(SolutionProperties) = preSolution
		HideSolutionNode = FALSE
	EndGlobalSection
	GlobalSection(ExtensibilityGlobals) = postSolution
		SolutionGuid = {2288A627-E730-4EF8-B99E-042E21ABEEC7}
	EndGlobalSection
EndGlobal
