
Microsoft Visual Studio Solution File, Format Version 12.00
# Visual Studio 15
VisualStudioVersion = 15.0.26730.16
MinimumVisualStudioVersion = 10.0.40219.1
Project("{FAE04EC0-301F-11D3-BF4B-00C04F79EFBC}") = "WebArenaClient", "WebArena\WebArenaClient.csproj", "{6F5439C0-5F16-4CFF-87C5-8B9FD20C3AB8}"
EndProject
Project("{FAE04EC0-301F-11D3-BF4B-00C04F79EFBC}") = "Converter", "Converter\Converter.csproj", "{437576A7-8EFF-4705-A467-927C794DB002}"
EndProject
Project("{FAE04EC0-301F-11D3-BF4B-00C04F79EFBC}") = "Server", "Server\Server.csproj", "{1B19F9C6-BD0F-4001-B2F6-131DED733924}"
EndProject
Project("{D954291E-2A0B-460D-934E-DC6B0785DB48}") = "Common", "Common\Common.shproj", "{4F184170-5468-4A8A-ADB0-23DC7946F784}"
EndProject
Project("{F2A71F9B-5D33-465A-A702-920D77279786}") = "LayerTypeModule", "LayerTypeModule\LayerTypeModule.fsproj", "{69AA8747-9E92-4875-A6C5-C8E5A7697CF5}"
EndProject
Global
	GlobalSection(SolutionConfigurationPlatforms) = preSolution
		Debug|Any CPU = Debug|Any CPU
		Release|Any CPU = Release|Any CPU
	EndGlobalSection
	GlobalSection(ProjectConfigurationPlatforms) = postSolution
		{6F5439C0-5F16-4CFF-87C5-8B9FD20C3AB8}.Debug|Any CPU.ActiveCfg = Debug|Any CPU
		{6F5439C0-5F16-4CFF-87C5-8B9FD20C3AB8}.Debug|Any CPU.Build.0 = Debug|Any CPU
		{6F5439C0-5F16-4CFF-87C5-8B9FD20C3AB8}.Release|Any CPU.ActiveCfg = Release|Any CPU
		{6F5439C0-5F16-4CFF-87C5-8B9FD20C3AB8}.Release|Any CPU.Build.0 = Release|Any CPU
		{437576A7-8EFF-4705-A467-927C794DB002}.Debug|Any CPU.ActiveCfg = Debug|Any CPU
		{437576A7-8EFF-4705-A467-927C794DB002}.Debug|Any CPU.Build.0 = Debug|Any CPU
		{437576A7-8EFF-4705-A467-927C794DB002}.Release|Any CPU.ActiveCfg = Release|Any CPU
		{437576A7-8EFF-4705-A467-927C794DB002}.Release|Any CPU.Build.0 = Release|Any CPU
		{1B19F9C6-BD0F-4001-B2F6-131DED733924}.Debug|Any CPU.ActiveCfg = Debug|Any CPU
		{1B19F9C6-BD0F-4001-B2F6-131DED733924}.Debug|Any CPU.Build.0 = Debug|Any CPU
		{1B19F9C6-BD0F-4001-B2F6-131DED733924}.Release|Any CPU.ActiveCfg = Release|Any CPU
		{1B19F9C6-BD0F-4001-B2F6-131DED733924}.Release|Any CPU.Build.0 = Release|Any CPU
		{69AA8747-9E92-4875-A6C5-C8E5A7697CF5}.Debug|Any CPU.ActiveCfg = Debug|Any CPU
		{69AA8747-9E92-4875-A6C5-C8E5A7697CF5}.Debug|Any CPU.Build.0 = Debug|Any CPU
		{69AA8747-9E92-4875-A6C5-C8E5A7697CF5}.Release|Any CPU.ActiveCfg = Release|Any CPU
		{69AA8747-9E92-4875-A6C5-C8E5A7697CF5}.Release|Any CPU.Build.0 = Release|Any CPU
	EndGlobalSection
	GlobalSection(SolutionProperties) = preSolution
		HideSolutionNode = FALSE
	EndGlobalSection
	GlobalSection(ExtensibilityGlobals) = postSolution
		SolutionGuid = {2288A627-E730-4EF8-B99E-042E21ABEEC7}
	EndGlobalSection
EndGlobal
